
Microsoft Visual Studio Solution File, Format Version 12.00
# Visual Studio Version 16
VisualStudioVersion = 16.0.29215.179
MinimumVisualStudioVersion = 10.0.40219.1
Project("{FAE04EC0-301F-11D3-BF4B-00C04F79EFBC}") = "ContosoSite", "ContosoSite\ContosoSite.csproj", "{D1087F1A-0910-489F-A01E-30ECCB198C2E}"
EndProject
Global
	GlobalSection(SolutionConfigurationPlatforms) = preSolution
		Debug|Any CPU = Debug|Any CPU
		Release|Any CPU = Release|Any CPU
	EndGlobalSection
	GlobalSection(ProjectConfigurationPlatforms) = postSolution
		{D1087F1A-0910-489F-A01E-30ECCB198C2E}.Debug|Any CPU.ActiveCfg = Debug|Any CPU
		{D1087F1A-0910-489F-A01E-30ECCB198C2E}.Debug|Any CPU.Build.0 = Debug|Any CPU
		{D1087F1A-0910-489F-A01E-30ECCB198C2E}.Release|Any CPU.ActiveCfg = Release|Any CPU
		{D1087F1A-0910-489F-A01E-30ECCB198C2E}.Release|Any CPU.Build.0 = Release|Any CPU
	EndGlobalSection
	GlobalSection(SolutionProperties) = preSolution
		HideSolutionNode = FALSE
	EndGlobalSection
	GlobalSection(ExtensibilityGlobals) = postSolution
		SolutionGuid = {24AC7DF3-1FDC-48BD-9177-BD8AA49C0E29}
	EndGlobalSection
EndGlobal
