
Microsoft Visual Studio Solution File, Format Version 12.00
# Visual Studio Version 16
VisualStudioVersion = 16.0.29215.179
MinimumVisualStudioVersion = 10.0.40219.1
Project("{00D1A9C2-B5F0-4AF3-8072-F6C62B433612}") = "ContosoUniversityData", "ContosoUniversityData\ContosoUniversityData.sqlproj", "{F1A614A8-C00A-4C7F-8426-55AF97166DBE}"
EndProject
Global
	GlobalSection(SolutionConfigurationPlatforms) = preSolution
		Debug|Any CPU = Debug|Any CPU
		Release|Any CPU = Release|Any CPU
	EndGlobalSection
	GlobalSection(ProjectConfigurationPlatforms) = postSolution
		{F1A614A8-C00A-4C7F-8426-55AF97166DBE}.Debug|Any CPU.ActiveCfg = Debug|Any CPU
		{F1A614A8-C00A-4C7F-8426-55AF97166DBE}.Debug|Any CPU.Build.0 = Debug|Any CPU
		{F1A614A8-C00A-4C7F-8426-55AF97166DBE}.Debug|Any CPU.Deploy.0 = Debug|Any CPU
		{F1A614A8-C00A-4C7F-8426-55AF97166DBE}.Release|Any CPU.ActiveCfg = Release|Any CPU
		{F1A614A8-C00A-4C7F-8426-55AF97166DBE}.Release|Any CPU.Build.0 = Release|Any CPU
		{F1A614A8-C00A-4C7F-8426-55AF97166DBE}.Release|Any CPU.Deploy.0 = Release|Any CPU
	EndGlobalSection
	GlobalSection(SolutionProperties) = preSolution
		HideSolutionNode = FALSE
	EndGlobalSection
	GlobalSection(ExtensibilityGlobals) = postSolution
		SolutionGuid = {5FBCD6A1-78BE-4B94-93C0-318656D67A98}
	EndGlobalSection
EndGlobal
