
Microsoft Visual Studio Solution File, Format Version 12.00
# Visual Studio Version 16
VisualStudioVersion = 16.0.29424.173
MinimumVisualStudioVersion = 10.0.40219.1
Project("{FAE04EC0-301F-11D3-BF4B-00C04F79EFBC}") = "ASP-NET-Security-Roles", "ASP-NET-Security-Roles\ASP-NET-Security-Roles.csproj", "{1B96E3C8-5547-4C1E-9979-56ADEBA667EA}"
EndProject
Global
	GlobalSection(SolutionConfigurationPlatforms) = preSolution
		Debug|Any CPU = Debug|Any CPU
		Release|Any CPU = Release|Any CPU
	EndGlobalSection
	GlobalSection(ProjectConfigurationPlatforms) = postSolution
		{1B96E3C8-5547-4C1E-9979-56ADEBA667EA}.Debug|Any CPU.ActiveCfg = Debug|Any CPU
		{1B96E3C8-5547-4C1E-9979-56ADEBA667EA}.Debug|Any CPU.Build.0 = Debug|Any CPU
		{1B96E3C8-5547-4C1E-9979-56ADEBA667EA}.Release|Any CPU.ActiveCfg = Release|Any CPU
		{1B96E3C8-5547-4C1E-9979-56ADEBA667EA}.Release|Any CPU.Build.0 = Release|Any CPU
	EndGlobalSection
	GlobalSection(SolutionProperties) = preSolution
		HideSolutionNode = FALSE
	EndGlobalSection
	GlobalSection(ExtensibilityGlobals) = postSolution
		SolutionGuid = {073C831F-47B4-41AC-9FF7-62F4FC40D711}
	EndGlobalSection
EndGlobal
