
Microsoft Visual Studio Solution File, Format Version 12.00
# Visual Studio Version 16
VisualStudioVersion = 16.0.29424.173
MinimumVisualStudioVersion = 10.0.40219.1
Project("{FAE04EC0-301F-11D3-BF4B-00C04F79EFBC}") = "AspNetIdentity", "AspNetIdentity\AspNetIdentity.csproj", "{7DCF3E9F-6E32-4FE7-B6ED-8962826680C8}"
EndProject
Global
	GlobalSection(SolutionConfigurationPlatforms) = preSolution
		Debug|Any CPU = Debug|Any CPU
		Release|Any CPU = Release|Any CPU
	EndGlobalSection
	GlobalSection(ProjectConfigurationPlatforms) = postSolution
		{7DCF3E9F-6E32-4FE7-B6ED-8962826680C8}.Debug|Any CPU.ActiveCfg = Debug|Any CPU
		{7DCF3E9F-6E32-4FE7-B6ED-8962826680C8}.Debug|Any CPU.Build.0 = Debug|Any CPU
		{7DCF3E9F-6E32-4FE7-B6ED-8962826680C8}.Release|Any CPU.ActiveCfg = Release|Any CPU
		{7DCF3E9F-6E32-4FE7-B6ED-8962826680C8}.Release|Any CPU.Build.0 = Release|Any CPU
	EndGlobalSection
	GlobalSection(SolutionProperties) = preSolution
		HideSolutionNode = FALSE
	EndGlobalSection
	GlobalSection(ExtensibilityGlobals) = postSolution
		SolutionGuid = {8F4EB4CF-1A1A-4CAC-98DA-DD53302840ED}
	EndGlobalSection
EndGlobal
